
Microsoft Visual Studio Solution File, Format Version 12.00
# Visual Studio Version 16
VisualStudioVersion = 16.0.32630.194
MinimumVisualStudioVersion = 10.0.40219.1
Project("{FAE04EC0-301F-11D3-BF4B-00C04F79EFBC}") = "LogReader", "LogReader.csproj", "{BC19E7DF-6CA6-4365-A5E9-DEF6EC3FC6F8}"
EndProject
Global
	GlobalSection(SolutionConfigurationPlatforms) = preSolution
		Debug|Any CPU = Debug|Any CPU
		Release|Any CPU = Release|Any CPU
	EndGlobalSection
	GlobalSection(ProjectConfigurationPlatforms) = postSolution
		{BC19E7DF-6CA6-4365-A5E9-DEF6EC3FC6F8}.Debug|Any CPU.ActiveCfg = Debug|Any CPU
		{BC19E7DF-6CA6-4365-A5E9-DEF6EC3FC6F8}.Debug|Any CPU.Build.0 = Debug|Any CPU
		{BC19E7DF-6CA6-4365-A5E9-DEF6EC3FC6F8}.Release|Any CPU.ActiveCfg = Release|Any CPU
		{BC19E7DF-6CA6-4365-A5E9-DEF6EC3FC6F8}.Release|Any CPU.Build.0 = Release|Any CPU
	EndGlobalSection
	GlobalSection(SolutionProperties) = preSolution
		HideSolutionNode = FALSE
	EndGlobalSection
	GlobalSection(ExtensibilityGlobals) = postSolution
		SolutionGuid = {6DFC051D-6D01-428B-9C96-65E11C5B04E9}
	EndGlobalSection
EndGlobal
